// !$*UTF8*$!
{
	archiveVersion = 1;
	classes = {
	};
	objectVersion = 46;
	objects = {

/* Begin PBXBuildFile section */
		C2266D921D8E29A900D4BB3A /* main.m in Sources */ = {isa = PBXBuildFile; fileRef = C2266D911D8E29A900D4BB3A /* main.m */; };
		C2266D951D8E29A900D4BB3A /* AppDelegate.m in Sources */ = {isa = PBXBuildFile; fileRef = C2266D941D8E29A900D4BB3A /* AppDelegate.m */; };
		C2266D981D8E29A900D4BB3A /* ViewController.m in Sources */ = {isa = PBXBuildFile; fileRef = C2266D971D8E29A900D4BB3A /* ViewController.m */; };
		C2266D9B1D8E29A900D4BB3A /* Main.storyboard in Resources */ = {isa = PBXBuildFile; fileRef = C2266D991D8E29A900D4BB3A /* Main.storyboard */; };
		C2266D9D1D8E29A900D4BB3A /* Assets.xcassets in Resources */ = {isa = PBXBuildFile; fileRef = C2266D9C1D8E29A900D4BB3A /* Assets.xcassets */; };
		C2266DA01D8E29A900D4BB3A /* LaunchScreen.storyboard in Resources */ = {isa = PBXBuildFile; fileRef = C2266D9E1D8E29A900D4BB3A /* LaunchScreen.storyboard */; };
		C2266DAB1D8E29A900D4BB3A /* _____Tests.m in Sources */ = {isa = PBXBuildFile; fileRef = C2266DAA1D8E29A900D4BB3A /* _____Tests.m */; };
		C2266DB61D8E29A900D4BB3A /* _____UITests.m in Sources */ = {isa = PBXBuildFile; fileRef = C2266DB51D8E29A900D4BB3A /* _____UITests.m */; };
/* End PBXBuildFile section */

/* Begin PBXContainerItemProxy section */
		C2266DA71D8E29A900D4BB3A /* PBXContainerItemProxy */ = {
			isa = PBXContainerItemProxy;
			containerPortal = C2266D851D8E29A900D4BB3A /* Project object */;
			proxyType = 1;
			remoteGlobalIDString = C2266D8C1D8E29A900D4BB3A;
			remoteInfo = "测试陀螺仪";
		};
		C2266DB21D8E29A900D4BB3A /* PBXContainerItemProxy */ = {
			isa = PBXContainerItemProxy;
			containerPortal = C2266D851D8E29A900D4BB3A /* Project object */;
			proxyType = 1;
			remoteGlobalIDString = C2266D8C1D8E29A900D4BB3A;
			remoteInfo = "测试陀螺仪";
		};
/* End PBXContainerItemProxy section */

/* Begin PBXFileReference section */
		C2266D8D1D8E29A900D4BB3A /* 测试陀螺仪.app */ = {isa = PBXFileReference; explicitFileType = wrapper.application; includeInIndex = 0; path = "测试陀螺仪.app"; sourceTree = BUILT_PRODUCTS_DIR; };
		C2266D911D8E29A900D4BB3A /* main.m */ = {isa = PBXFileReference; lastKnownFileType = sourcecode.c.objc; path = main.m; sourceTree = "<group>"; };
		C2266D931D8E29A900D4BB3A /* AppDelegate.h */ = {isa = PBXFileReference; lastKnownFileType = sourcecode.c.h; path = AppDelegate.h; sourceTree = "<group>"; };
		C2266D941D8E29A900D4BB3A /* AppDelegate.m */ = {isa = PBXFileReference; lastKnownFileType = sourcecode.c.objc; path = AppDelegate.m; sourceTree = "<group>"; };
		C2266D961D8E29A900D4BB3A /* ViewController.h */ = {isa = PBXFileReference; lastKnownFileType = sourcecode.c.h; path = ViewController.h; sourceTree = "<group>"; };
		C2266D971D8E29A900D4BB3A /* ViewController.m */ = {isa = PBXFileReference; lastKnownFileType = sourcecode.c.objc; path = ViewController.m; sourceTree = "<group>"; };
		C2266D9A1D8E29A900D4BB3A /* Base */ = {isa = PBXFileReference; lastKnownFileType = file.storyboard; name = Base; path = Base.lproj/Main.storyboard; sourceTree = "<group>"; };
		C2266D9C1D8E29A900D4BB3A /* Assets.xcassets */ = {isa = PBXFileReference; lastKnownFileType = folder.assetcatalog; path = Assets.xcassets; sourceTree = "<group>"; };
		C2266D9F1D8E29A900D4BB3A /* Base */ = {isa = PBXFileReference; lastKnownFileType = file.storyboard; name = Base; path = Base.lproj/LaunchScreen.storyboard; sourceTree = "<group>"; };
		C2266DA11D8E29A900D4BB3A /* Info.plist */ = {isa = PBXFileReference; lastKnownFileType = text.plist.xml; path = Info.plist; sourceTree = "<group>"; };
		C2266DA61D8E29A900D4BB3A /* 测试陀螺仪Tests.xctest */ = {isa = PBXFileReference; explicitFileType = wrapper.cfbundle; includeInIndex = 0; path = "测试陀螺仪Tests.xctest"; sourceTree = BUILT_PRODUCTS_DIR; };
		C2266DAA1D8E29A900D4BB3A /* _____Tests.m */ = {isa = PBXFileReference; lastKnownFileType = sourcecode.c.objc; path = "_____Tests.m"; sourceTree = "<group>"; };
		C2266DAC1D8E29A900D4BB3A /* Info.plist */ = {isa = PBXFileReference; lastKnownFileType = text.plist.xml; path = Info.plist; sourceTree = "<group>"; };
		C2266DB11D8E29A900D4BB3A /* 测试陀螺仪UITests.xctest */ = {isa = PBXFileReference; explicitFileType = wrapper.cfbundle; includeInIndex = 0; path = "测试陀螺仪UITests.xctest"; sourceTree = BUILT_PRODUCTS_DIR; };
		C2266DB51D8E29A900D4BB3A /* _____UITests.m */ = {isa = PBXFileReference; lastKnownFileType = sourcecode.c.objc; path = "_____UITests.m"; sourceTree = "<group>"; };
		C2266DB71D8E29A900D4BB3A /* Info.plist */ = {isa = PBXFileReference; lastKnownFileType = text.plist.xml; path = Info.plist; sourceTree = "<group>"; };
/* End PBXFileReference section */

/* Begin PBXFrameworksBuildPhase section */
		C2266D8A1D8E29A900D4BB3A /* Frameworks */ = {
			isa = PBXFrameworksBuildPhase;
			buildActionMask = 2147483647;
			files = (
			);
			runOnlyForDeploymentPostprocessing = 0;
		};
		C2266DA31D8E29A900D4BB3A /* Frameworks */ = {
			isa = PBXFrameworksBuildPhase;
			buildActionMask = 2147483647;
			files = (
			);
			runOnlyForDeploymentPostprocessing = 0;
		};
		C2266DAE1D8E29A900D4BB3A /* Frameworks */ = {
			isa = PBXFrameworksBuildPhase;
			buildActionMask = 2147483647;
			files = (
			);
			runOnlyForDeploymentPostprocessing = 0;
		};
/* End PBXFrameworksBuildPhase section */

/* Begin PBXGroup section */
		C2266D841D8E29A900D4BB3A = {
			isa = PBXGroup;
			children = (
				C2266D8F1D8E29A900D4BB3A /* 测试陀螺仪 */,
				C2266DA91D8E29A900D4BB3A /* 测试陀螺仪Tests */,
				C2266DB41D8E29A900D4BB3A /* 测试陀螺仪UITests */,
				C2266D8E1D8E29A900D4BB3A /* Products */,
			);
			sourceTree = "<group>";
		};
		C2266D8E1D8E29A900D4BB3A /* Products */ = {
			isa = PBXGroup;
			children = (
				C2266D8D1D8E29A900D4BB3A /* 测试陀螺仪.app */,
				C2266DA61D8E29A900D4BB3A /* 测试陀螺仪Tests.xctest */,
				C2266DB11D8E29A900D4BB3A /* 测试陀螺仪UITests.xctest */,
			);
			name = Products;
			sourceTree = "<group>";
		};
		C2266D8F1D8E29A900D4BB3A /* 测试陀螺仪 */ = {
			isa = PBXGroup;
			children = (
				C2266D931D8E29A900D4BB3A /* AppDelegate.h */,
				C2266D941D8E29A900D4BB3A /* AppDelegate.m */,
				C2266D961D8E29A900D4BB3A /* ViewController.h */,
				C2266D971D8E29A900D4BB3A /* ViewController.m */,
				C2266D991D8E29A900D4BB3A /* Main.storyboard */,
				C2266D9C1D8E29A900D4BB3A /* Assets.xcassets */,
				C2266D9E1D8E29A900D4BB3A /* LaunchScreen.storyboard */,
				C2266DA11D8E29A900D4BB3A /* Info.plist */,
				C2266D901D8E29A900D4BB3A /* Supporting Files */,
			);
			path = "测试陀螺仪";
			sourceTree = "<group>";
		};
		C2266D901D8E29A900D4BB3A /* Supporting Files */ = {
			isa = PBXGroup;
			children = (
				C2266D911D8E29A900D4BB3A /* main.m */,
			);
			name = "Supporting Files";
			sourceTree = "<group>";
		};
		C2266DA91D8E29A900D4BB3A /* 测试陀螺仪Tests */ = {
			isa = PBXGroup;
			children = (
				C2266DAA1D8E29A900D4BB3A /* _____Tests.m */,
				C2266DAC1D8E29A900D4BB3A /* Info.plist */,
			);
			path = "测试陀螺仪Tests";
			sourceTree = "<group>";
		};
		C2266DB41D8E29A900D4BB3A /* 测试陀螺仪UITests */ = {
			isa = PBXGroup;
			children = (
				C2266DB51D8E29A900D4BB3A /* _____UITests.m */,
				C2266DB71D8E29A900D4BB3A /* Info.plist */,
			);
			path = "测试陀螺仪UITests";
			sourceTree = "<group>";
		};
/* End PBXGroup section */

/* Begin PBXNativeTarget section */
		C2266D8C1D8E29A900D4BB3A /* 测试陀螺仪 */ = {
			isa = PBXNativeTarget;
			buildConfigurationList = C2266DBA1D8E29A900D4BB3A /* Build configuration list for PBXNativeTarget "测试陀螺仪" */;
			buildPhases = (
				C2266D891D8E29A900D4BB3A /* Sources */,
				C2266D8A1D8E29A900D4BB3A /* Frameworks */,
				C2266D8B1D8E29A900D4BB3A /* Resources */,
			);
			buildRules = (
			);
			dependencies = (
			);
			name = "测试陀螺仪";
			productName = "测试陀螺仪";
			productReference = C2266D8D1D8E29A900D4BB3A /* 测试陀螺仪.app */;
			productType = "com.apple.product-type.application";
		};
		C2266DA51D8E29A900D4BB3A /* 测试陀螺仪Tests */ = {
			isa = PBXNativeTarget;
			buildConfigurationList = C2266DBD1D8E29A900D4BB3A /* Build configuration list for PBXNativeTarget "测试陀螺仪Tests" */;
			buildPhases = (
				C2266DA21D8E29A900D4BB3A /* Sources */,
				C2266DA31D8E29A900D4BB3A /* Frameworks */,
				C2266DA41D8E29A900D4BB3A /* Resources */,
			);
			buildRules = (
			);
			dependencies = (
				C2266DA81D8E29A900D4BB3A /* PBXTargetDependency */,
			);
			name = "测试陀螺仪Tests";
			productName = "测试陀螺仪Tests";
			productReference = C2266DA61D8E29A900D4BB3A /* 测试陀螺仪Tests.xctest */;
			productType = "com.apple.product-type.bundle.unit-test";
		};
		C2266DB01D8E29A900D4BB3A /* 测试陀螺仪UITests */ = {
			isa = PBXNativeTarget;
			buildConfigurationList = C2266DC01D8E29A900D4BB3A /* Build configuration list for PBXNativeTarget "测试陀螺仪UITests" */;
			buildPhases = (
				C2266DAD1D8E29A900D4BB3A /* Sources */,
				C2266DAE1D8E29A900D4BB3A /* Frameworks */,
				C2266DAF1D8E29A900D4BB3A /* Resources */,
			);
			buildRules = (
			);
			dependencies = (
				C2266DB31D8E29A900D4BB3A /* PBXTargetDependency */,
			);
			name = "测试陀螺仪UITests";
			productName = "测试陀螺仪UITests";
			productReference = C2266DB11D8E29A900D4BB3A /* 测试陀螺仪UITests.xctest */;
			productType = "com.apple.product-type.bundle.ui-testing";
		};
/* End PBXNativeTarget section */

/* Begin PBXProject section */
		C2266D851D8E29A900D4BB3A /* Project object */ = {
			isa = PBXProject;
			attributes = {
				LastUpgradeCheck = 0800;
				ORGANIZATIONNAME = zhangyong;
				TargetAttributes = {
					C2266D8C1D8E29A900D4BB3A = {
						CreatedOnToolsVersion = 8.0;
						ProvisioningStyle = Automatic;
					};
					C2266DA51D8E29A900D4BB3A = {
						CreatedOnToolsVersion = 8.0;
						ProvisioningStyle = Automatic;
						TestTargetID = C2266D8C1D8E29A900D4BB3A;
					};
					C2266DB01D8E29A900D4BB3A = {
						CreatedOnToolsVersion = 8.0;
						ProvisioningStyle = Automatic;
						TestTargetID = C2266D8C1D8E29A900D4BB3A;
					};
				};
			};
			buildConfigurationList = C2266D881D8E29A900D4BB3A /* Build configuration list for PBXProject "测试陀螺仪" */;
			compatibilityVersion = "Xcode 3.2";
			developmentRegion = English;
			hasScannedForEncodings = 0;
			knownRegions = (
				en,
				Base,
			);
			mainGroup = C2266D841D8E29A900D4BB3A;
			productRefGroup = C2266D8E1D8E29A900D4BB3A /* Products */;
			projectDirPath = "";
			projectRoot = "";
			targets = (
				C2266D8C1D8E29A900D4BB3A /* 测试陀螺仪 */,
				C2266DA51D8E29A900D4BB3A /* 测试陀螺仪Tests */,
				C2266DB01D8E29A900D4BB3A /* 测试陀螺仪UITests */,
			);
		};
/* End PBXProject section */

/* Begin PBXResourcesBuildPhase section */
		C2266D8B1D8E29A900D4BB3A /* Resources */ = {
			isa = PBXResourcesBuildPhase;
			buildActionMask = 2147483647;
			files = (
				C2266DA01D8E29A900D4BB3A /* LaunchScreen.storyboard in Resources */,
				C2266D9D1D8E29A900D4BB3A /* Assets.xcassets in Resources */,
				C2266D9B1D8E29A900D4BB3A /* Main.storyboard in Resources */,
			);
			runOnlyForDeploymentPostprocessing = 0;
		};
		C2266DA41D8E29A900D4BB3A /* Resources */ = {
			isa = PBXResourcesBuildPhase;
			buildActionMask = 2147483647;
			files = (
			);
			runOnlyForDeploymentPostprocessing = 0;
		};
		C2266DAF1D8E29A900D4BB3A /* Resources */ = {
			isa = PBXResourcesBuildPhase;
			buildActionMask = 2147483647;
			files = (
			);
			runOnlyForDeploymentPostprocessing = 0;
		};
/* End PBXResourcesBuildPhase section */

/* Begin PBXSourcesBuildPhase section */
		C2266D891D8E29A900D4BB3A /* Sources */ = {
			isa = PBXSourcesBuildPhase;
			buildActionMask = 2147483647;
			files = (
				C2266D981D8E29A900D4BB3A /* ViewController.m in Sources */,
				C2266D951D8E29A900D4BB3A /* AppDelegate.m in Sources */,
				C2266D921D8E29A900D4BB3A /* main.m in Sources */,
			);
			runOnlyForDeploymentPostprocessing = 0;
		};
		C2266DA21D8E29A900D4BB3A /* Sources */ = {
			isa = PBXSourcesBuildPhase;
			buildActionMask = 2147483647;
			files = (
				C2266DAB1D8E29A900D4BB3A /* _____Tests.m in Sources */,
			);
			runOnlyForDeploymentPostprocessing = 0;
		};
		C2266DAD1D8E29A900D4BB3A /* Sources */ = {
			isa = PBXSourcesBuildPhase;
			buildActionMask = 2147483647;
			files = (
				C2266DB61D8E29A900D4BB3A /* _____UITests.m in Sources */,
			);
			runOnlyForDeploymentPostprocessing = 0;
		};
/* End PBXSourcesBuildPhase section */

/* Begin PBXTargetDependency section */
		C2266DA81D8E29A900D4BB3A /* PBXTargetDependency */ = {
			isa = PBXTargetDependency;
			target = C2266D8C1D8E29A900D4BB3A /* 测试陀螺仪 */;
			targetProxy = C2266DA71D8E29A900D4BB3A /* PBXContainerItemProxy */;
		};
		C2266DB31D8E29A900D4BB3A /* PBXTargetDependency */ = {
			isa = PBXTargetDependency;
			target = C2266D8C1D8E29A900D4BB3A /* 测试陀螺仪 */;
			targetProxy = C2266DB21D8E29A900D4BB3A /* PBXContainerItemProxy */;
		};
/* End PBXTargetDependency section */

/* Begin PBXVariantGroup section */
		C2266D991D8E29A900D4BB3A /* Main.storyboard */ = {
			isa = PBXVariantGroup;
			children = (
				C2266D9A1D8E29A900D4BB3A /* Base */,
			);
			name = Main.storyboard;
			sourceTree = "<group>";
		};
		C2266D9E1D8E29A900D4BB3A /* LaunchScreen.storyboard */ = {
			isa = PBXVariantGroup;
			children = (
				C2266D9F1D8E29A900D4BB3A /* Base */,
			);
			name = LaunchScreen.storyboard;
			sourceTree = "<group>";
		};
/* End PBXVariantGroup section */

/* Begin XCBuildConfiguration section */
		C2266DB81D8E29A900D4BB3A /* Debug */ = {
			isa = XCBuildConfiguration;
			buildSettings = {
				ALWAYS_SEARCH_USER_PATHS = NO;
				CLANG_ANALYZER_NONNULL = YES;
				CLANG_CXX_LANGUAGE_STANDARD = "gnu++0x";
				CLANG_CXX_LIBRARY = "libc++";
				CLANG_ENABLE_MODULES = YES;
				CLANG_ENABLE_OBJC_ARC = YES;
				CLANG_WARN_BOOL_CONVERSION = YES;
				CLANG_WARN_CONSTANT_CONVERSION = YES;
				CLANG_WARN_DIRECT_OBJC_ISA_USAGE = YES_ERROR;
				CLANG_WARN_DOCUMENTATION_COMMENTS = YES;
				CLANG_WARN_EMPTY_BODY = YES;
				CLANG_WARN_ENUM_CONVERSION = YES;
				CLANG_WARN_INFINITE_RECURSION = YES;
				CLANG_WARN_INT_CONVERSION = YES;
				CLANG_WARN_OBJC_ROOT_CLASS = YES_ERROR;
				CLANG_WARN_SUSPICIOUS_MOVES = YES;
				CLANG_WARN_UNREACHABLE_CODE = YES;
				CLANG_WARN__DUPLICATE_METHOD_MATCH = YES;
				"CODE_SIGN_IDENTITY[sdk=iphoneos*]" = "iPhone Developer";
				COPY_PHASE_STRIP = NO;
				DEBUG_INFORMATION_FORMAT = dwarf;
				ENABLE_STRICT_OBJC_MSGSEND = YES;
				ENABLE_TESTABILITY = YES;
				GCC_C_LANGUAGE_STANDARD = gnu99;
				GCC_DYNAMIC_NO_PIC = NO;
				GCC_NO_COMMON_BLOCKS = YES;
				GCC_OPTIMIZATION_LEVEL = 0;
				GCC_PREPROCESSOR_DEFINITIONS = (
					"DEBUG=1",
					"$(inherited)",
				);
				GCC_WARN_64_TO_32_BIT_CONVERSION = YES;
				GCC_WARN_ABOUT_RETURN_TYPE = YES_ERROR;
				GCC_WARN_UNDECLARED_SELECTOR = YES;
				GCC_WARN_UNINITIALIZED_AUTOS = YES_AGGRESSIVE;
				GCC_WARN_UNUSED_FUNCTION = YES;
				GCC_WARN_UNUSED_VARIABLE = YES;
				IPHONEOS_DEPLOYMENT_TARGET = 10.0;
				MTL_ENABLE_DEBUG_INFO = YES;
				ONLY_ACTIVE_ARCH = YES;
				SDKROOT = iphoneos;
				TARGETED_DEVICE_FAMILY = "1,2";
			};
			name = Debug;
		};
		C2266DB91D8E29A900D4BB3A /* Release */ = {
			isa = XCBuildConfiguration;
			buildSettings = {
				ALWAYS_SEARCH_USER_PATHS = NO;
				CLANG_ANALYZER_NONNULL = YES;
				CLANG_CXX_LANGUAGE_STANDARD = "gnu++0x";
				CLANG_CXX_LIBRARY = "libc++";
				CLANG_ENABLE_MODULES = YES;
				CLANG_ENABLE_OBJC_ARC = YES;
				CLANG_WARN_BOOL_CONVERSION = YES;
				CLANG_WARN_CONSTANT_CONVERSION = YES;
				CLANG_WARN_DIRECT_OBJC_ISA_USAGE = YES_ERROR;
				CLANG_WARN_DOCUMENTATION_COMMENTS = YES;
				CLANG_WARN_EMPTY_BODY = YES;
				CLANG_WARN_ENUM_CONVERSION = YES;
				CLANG_WARN_INFINITE_RECURSION = YES;
				CLANG_WARN_INT_CONVERSION = YES;
				CLANG_WARN_OBJC_ROOT_CLASS = YES_ERROR;
				CLANG_WARN_SUSPICIOUS_MOVES = YES;
				CLANG_WARN_UNREACHABLE_CODE = YES;
				CLANG_WARN__DUPLICATE_METHOD_MATCH = YES;
				"CODE_SIGN_IDENTITY[sdk=iphoneos*]" = "iPhone Developer";
				COPY_PHASE_STRIP = NO;
				DEBUG_INFORMATION_FORMAT = "dwarf-with-dsym";
				ENABLE_NS_ASSERTIONS = NO;
				ENABLE_STRICT_OBJC_MSGSEND = YES;
				GCC_C_LANGUAGE_STANDARD = gnu99;
				GCC_NO_COMMON_BLOCKS = YES;
				GCC_WARN_64_TO_32_BIT_CONVERSION = YES;
				GCC_WARN_ABOUT_RETURN_TYPE = YES_ERROR;
				GCC_WARN_UNDECLARED_SELECTOR = YES;
				GCC_WARN_UNINITIALIZED_AUTOS = YES_AGGRESSIVE;
				GCC_WARN_UNUSED_FUNCTION = YES;
				GCC_WARN_UNUSED_VARIABLE = YES;
				IPHONEOS_DEPLOYMENT_TARGET = 10.0;
				MTL_ENABLE_DEBUG_INFO = NO;
				SDKROOT = iphoneos;
				TARGETED_DEVICE_FAMILY = "1,2";
				VALIDATE_PRODUCT = YES;
			};
			name = Release;
		};
		C2266DBB1D8E29A900D4BB3A /* Debug */ = {
			isa = XCBuildConfiguration;
			buildSettings = {
				ASSETCATALOG_COMPILER_APPICON_NAME = AppIcon;
				INFOPLIST_FILE = "测试陀螺仪/Info.plist";
				LD_RUNPATH_SEARCH_PATHS = "$(inherited) @executable_path/Frameworks";
				PRODUCT_BUNDLE_IDENTIFIER = "tuonuoyi.-----";
				PRODUCT_NAME = "$(TARGET_NAME)";
			};
			name = Debug;
		};
		C2266DBC1D8E29A900D4BB3A /* Release */ = {
			isa = XCBuildConfiguration;
			buildSettings = {
				ASSETCATALOG_COMPILER_APPICON_NAME = AppIcon;
				INFOPLIST_FILE = "测试陀螺仪/Info.plist";
				LD_RUNPATH_SEARCH_PATHS = "$(inherited) @executable_path/Frameworks";
				PRODUCT_BUNDLE_IDENTIFIER = "tuonuoyi.-----";
				PRODUCT_NAME = "$(TARGET_NAME)";
			};
			name = Release;
		};
		C2266DBE1D8E29A900D4BB3A /* Debug */ = {
			isa = XCBuildConfiguration;
			buildSettings = {
				BUNDLE_LOADER = "$(TEST_HOST)";
				INFOPLIST_FILE = "测试陀螺仪Tests/Info.plist";
				LD_RUNPATH_SEARCH_PATHS = "$(inherited) @executable_path/Frameworks @loader_path/Frameworks";
				PRODUCT_BUNDLE_IDENTIFIER = "tuonuoyi.-----Tests";
				PRODUCT_NAME = "$(TARGET_NAME)";
				TEST_HOST = "$(BUILT_PRODUCTS_DIR)/测试陀螺仪.app/测试陀螺仪";
			};
			name = Debug;
		};
		C2266DBF1D8E29A900D4BB3A /* Release */ = {
			isa = XCBuildConfiguration;
			buildSettings = {
				BUNDLE_LOADER = "$(TEST_HOST)";
				INFOPLIST_FILE = "测试陀螺仪Tests/Info.plist";
				LD_RUNPATH_SEARCH_PATHS = "$(inherited) @executable_path/Frameworks @loader_path/Frameworks";
				PRODUCT_BUNDLE_IDENTIFIER = "tuonuoyi.-----Tests";
				PRODUCT_NAME = "$(TARGET_NAME)";
				TEST_HOST = "$(BUILT_PRODUCTS_DIR)/测试陀螺仪.app/测试陀螺仪";
			};
			name = Release;
		};
		C2266DC11D8E29A900D4BB3A /* Debug */ = {
			isa = XCBuildConfiguration;
			buildSettings = {
				INFOPLIST_FILE = "测试陀螺仪UITests/Info.plist";
				LD_RUNPATH_SEARCH_PATHS = "$(inherited) @executable_path/Frameworks @loader_path/Frameworks";
				PRODUCT_BUNDLE_IDENTIFIER = "tuonuoyi.-----UITests";
				PRODUCT_NAME = "$(TARGET_NAME)";
				TEST_TARGET_NAME = "测试陀螺仪";
			};
			name = Debug;
		};
		C2266DC21D8E29A900D4BB3A /* Release */ = {
			isa = XCBuildConfiguration;
			buildSettings = {
				INFOPLIST_FILE = "测试陀螺仪UITests/Info.plist";
				LD_RUNPATH_SEARCH_PATHS = "$(inherited) @executable_path/Frameworks @loader_path/Frameworks";
				PRODUCT_BUNDLE_IDENTIFIER = "tuonuoyi.-----UITests";
				PRODUCT_NAME = "$(TARGET_NAME)";
				TEST_TARGET_NAME = "测试陀螺仪";
			};
			name = Release;
		};
/* End XCBuildConfiguration section */

/* Begin XCConfigurationList section */
		C2266D881D8E29A900D4BB3A /* Build configuration list for PBXProject "测试陀螺仪" */ = {
			isa = XCConfigurationList;
			buildConfigurations = (
				C2266DB81D8E29A900D4BB3A /* Debug */,
				C2266DB91D8E29A900D4BB3A /* Release */,
			);
			defaultConfigurationIsVisible = 0;
			defaultConfigurationName = Release;
		};
		C2266DBA1D8E29A900D4BB3A /* Build configuration list for PBXNativeTarget "测试陀螺仪" */ = {
			isa = XCConfigurationList;
			buildConfigurations = (
				C2266DBB1D8E29A900D4BB3A /* Debug */,
				C2266DBC1D8E29A900D4BB3A /* Release */,
			);
			defaultConfigurationIsVisible = 0;
		};
		C2266DBD1D8E29A900D4BB3A /* Build configuration list for PBXNativeTarget "测试陀螺仪Tests" */ = {
			isa = XCConfigurationList;
			buildConfigurations = (
				C2266DBE1D8E29A900D4BB3A /* Debug */,
				C2266DBF1D8E29A900D4BB3A /* Release */,
			);
			defaultConfigurationIsVisible = 0;
		};
		C2266DC01D8E29A900D4BB3A /* Build configuration list for PBXNativeTarget "测试陀螺仪UITests" */ = {
			isa = XCConfigurationList;
			buildConfigurations = (
				C2266DC11D8E29A900D4BB3A /* Debug */,
				C2266DC21D8E29A900D4BB3A /* Release */,
			);
			defaultConfigurationIsVisible = 0;
		};
/* End XCConfigurationList section */
	};
	rootObject = C2266D851D8E29A900D4BB3A /* Project object */;
}
